
Microsoft Visual Studio Solution File, Format Version 12.00
# Visual Studio Version 17
VisualStudioVersion = 17.3.32922.545
MinimumVisualStudioVersion = 10.0.40219.1
Project("{9A19103F-16F7-4668-BE54-9A1E7A4F7556}") = "Core", "Core\Core.csproj", "{CED0ADC0-2FCC-4AC1-81F8-29E4C2BDE4B6}"
EndProject
Project("{FAE04EC0-301F-11D3-BF4B-00C04F79EFBC}") = "Common", "Common\Common.csproj", "{FA2F1FFC-B96B-44D8-BD95-667B93DD61E8}"
EndProject
Project("{2150E333-8FDC-42A3-9474-1A3956D46DE8}") = "Solution Items", "Solution Items", "{CB30D87D-0A34-4AF2-9616-3768C1542569}"
	ProjectSection(SolutionItems) = preProject
		README.md = README.md
	EndProjectSection
EndProject
Project("{E24C65DC-7377-472B-9ABA-BC803B73C61A}") = "webui", "webui\", "{8E0F5281-4861-4736-8B8B-9A839461D6F7}"
	ProjectSection(WebsiteProperties) = preProject
		TargetFrameworkMoniker = ".NETFramework,Version%3Dv4.8"
		Debug.AspNetCompiler.VirtualPath = "/localhost_51641"
		Debug.AspNetCompiler.PhysicalPath = "webui\"
		Debug.AspNetCompiler.TargetPath = "PrecompiledWeb\localhost_51641\"
		Debug.AspNetCompiler.Updateable = "true"
		Debug.AspNetCompiler.ForceOverwrite = "true"
		Debug.AspNetCompiler.FixedNames = "false"
		Debug.AspNetCompiler.Debug = "True"
		Release.AspNetCompiler.VirtualPath = "/localhost_51641"
		Release.AspNetCompiler.PhysicalPath = "webui\"
		Release.AspNetCompiler.TargetPath = "PrecompiledWeb\localhost_51641\"
		Release.AspNetCompiler.Updateable = "true"
		Release.AspNetCompiler.ForceOverwrite = "true"
		Release.AspNetCompiler.FixedNames = "false"
		Release.AspNetCompiler.Debug = "False"
		VWDPort = "51641"
		SlnRelativePath = "webui\"
	EndProjectSection
EndProject
Global
	GlobalSection(SolutionConfigurationPlatforms) = preSolution
		Debug|Any CPU = Debug|Any CPU
		Release|Any CPU = Release|Any CPU
	EndGlobalSection
	GlobalSection(ProjectConfigurationPlatforms) = postSolution
		{CED0ADC0-2FCC-4AC1-81F8-29E4C2BDE4B6}.Debug|Any CPU.ActiveCfg = Debug|Any CPU
		{CED0ADC0-2FCC-4AC1-81F8-29E4C2BDE4B6}.Debug|Any CPU.Build.0 = Debug|Any CPU
		{CED0ADC0-2FCC-4AC1-81F8-29E4C2BDE4B6}.Release|Any CPU.ActiveCfg = Release|Any CPU
		{CED0ADC0-2FCC-4AC1-81F8-29E4C2BDE4B6}.Release|Any CPU.Build.0 = Release|Any CPU
		{FA2F1FFC-B96B-44D8-BD95-667B93DD61E8}.Debug|Any CPU.ActiveCfg = Debug|Any CPU
		{FA2F1FFC-B96B-44D8-BD95-667B93DD61E8}.Debug|Any CPU.Build.0 = Debug|Any CPU
		{FA2F1FFC-B96B-44D8-BD95-667B93DD61E8}.Release|Any CPU.ActiveCfg = Release|Any CPU
		{FA2F1FFC-B96B-44D8-BD95-667B93DD61E8}.Release|Any CPU.Build.0 = Release|Any CPU
		{8E0F5281-4861-4736-8B8B-9A839461D6F7}.Debug|Any CPU.ActiveCfg = Debug|Any CPU
		{8E0F5281-4861-4736-8B8B-9A839461D6F7}.Debug|Any CPU.Build.0 = Debug|Any CPU
		{8E0F5281-4861-4736-8B8B-9A839461D6F7}.Release|Any CPU.ActiveCfg = Debug|Any CPU
		{8E0F5281-4861-4736-8B8B-9A839461D6F7}.Release|Any CPU.Build.0 = Debug|Any CPU
	EndGlobalSection
	GlobalSection(SolutionProperties) = preSolution
		HideSolutionNode = FALSE
	EndGlobalSection
	GlobalSection(ExtensibilityGlobals) = postSolution
		SolutionGuid = {B4C83397-6955-4102-8B8C-2C759290467F}
	EndGlobalSection
EndGlobal
